
Microsoft Visual Studio Solution File, Format Version 12.00
# Visual Studio Version 17
VisualStudioVersion = 17.12.35514.174 d17.12
MinimumVisualStudioVersion = 10.0.40219.1
Project("{2150E333-8FDC-42A3-9474-1A3956D46DE8}") = "src", "src", "{E82252E7-E4F3-4D0B-A8FC-AE93C3B01D6D}"
EndProject
Project("{2150E333-8FDC-42A3-9474-1A3956D46DE8}") = "test", "test", "{3A291465-A94F-4E66-ADB0-C49EB6004D74}"
EndProject
Project("{FAE04EC0-301F-11D3-BF4B-00C04F79EFBC}") = "UKHO.Shop-Facade.Tests", "UKHO.Shop-Facade.Tests\UKHO.Shop-Facade.Tests.csproj", "{123B6C13-98D1-478F-AE87-414E5BE9E1FB}"
EndProject
Project("{FAE04EC0-301F-11D3-BF4B-00C04F79EFBC}") = "UKHO.Shop-Facade", "UKHO.Shop-Facade\UKHO.Shop-Facade.csproj", "{9C0F99AB-995A-4C7E-8D4F-2D0F8EF0BFB8}"
EndProject
Global
	GlobalSection(SolutionConfigurationPlatforms) = preSolution
		Debug|Any CPU = Debug|Any CPU
		Release|Any CPU = Release|Any CPU
	EndGlobalSection
	GlobalSection(ProjectConfigurationPlatforms) = postSolution
		{123B6C13-98D1-478F-AE87-414E5BE9E1FB}.Debug|Any CPU.ActiveCfg = Debug|Any CPU
		{123B6C13-98D1-478F-AE87-414E5BE9E1FB}.Debug|Any CPU.Build.0 = Debug|Any CPU
		{123B6C13-98D1-478F-AE87-414E5BE9E1FB}.Release|Any CPU.ActiveCfg = Release|Any CPU
		{123B6C13-98D1-478F-AE87-414E5BE9E1FB}.Release|Any CPU.Build.0 = Release|Any CPU
		{9C0F99AB-995A-4C7E-8D4F-2D0F8EF0BFB8}.Debug|Any CPU.ActiveCfg = Debug|Any CPU
		{9C0F99AB-995A-4C7E-8D4F-2D0F8EF0BFB8}.Debug|Any CPU.Build.0 = Debug|Any CPU
		{9C0F99AB-995A-4C7E-8D4F-2D0F8EF0BFB8}.Release|Any CPU.ActiveCfg = Release|Any CPU
		{9C0F99AB-995A-4C7E-8D4F-2D0F8EF0BFB8}.Release|Any CPU.Build.0 = Release|Any CPU
	EndGlobalSection
	GlobalSection(SolutionProperties) = preSolution
		HideSolutionNode = FALSE
	EndGlobalSection
	GlobalSection(NestedProjects) = preSolution
		{123B6C13-98D1-478F-AE87-414E5BE9E1FB} = {3A291465-A94F-4E66-ADB0-C49EB6004D74}
		{9C0F99AB-995A-4C7E-8D4F-2D0F8EF0BFB8} = {E82252E7-E4F3-4D0B-A8FC-AE93C3B01D6D}
	EndGlobalSection
EndGlobal
